
Microsoft Visual Studio Solution File, Format Version 12.00
# Visual Studio Version 16
VisualStudioVersion = 16.0.30413.136
MinimumVisualStudioVersion = 10.0.40219.1
Project("{FAE04EC0-301F-11D3-BF4B-00C04F79EFBC}") = "scheid.lucas.simple-repository", "scheid.lucas.simple-repository\scheid.lucas.simple-repository.csproj", "{7512074B-B2B2-4519-B951-72D9403BA222}"
EndProject
Project("{FAE04EC0-301F-11D3-BF4B-00C04F79EFBC}") = "Contracts", "Contracts\Contracts.csproj", "{821E73B1-B564-4595-A358-A9C7C8014023}"
EndProject
Project("{FAE04EC0-301F-11D3-BF4B-00C04F79EFBC}") = "Entities", "Entities\Entities.csproj", "{48A10B31-9B3A-4287-BD2A-194507FCF74E}"
EndProject
Project("{FAE04EC0-301F-11D3-BF4B-00C04F79EFBC}") = "Repository", "Repository\Repository.csproj", "{9F398AC1-7C1F-46D9-8B21-1FE8C8A32BCC}"
EndProject
Global
	GlobalSection(SolutionConfigurationPlatforms) = preSolution
		Debug|Any CPU = Debug|Any CPU
		Release|Any CPU = Release|Any CPU
	EndGlobalSection
	GlobalSection(ProjectConfigurationPlatforms) = postSolution
		{7512074B-B2B2-4519-B951-72D9403BA222}.Debug|Any CPU.ActiveCfg = Debug|Any CPU
		{7512074B-B2B2-4519-B951-72D9403BA222}.Debug|Any CPU.Build.0 = Debug|Any CPU
		{7512074B-B2B2-4519-B951-72D9403BA222}.Release|Any CPU.ActiveCfg = Release|Any CPU
		{7512074B-B2B2-4519-B951-72D9403BA222}.Release|Any CPU.Build.0 = Release|Any CPU
		{821E73B1-B564-4595-A358-A9C7C8014023}.Debug|Any CPU.ActiveCfg = Debug|Any CPU
		{821E73B1-B564-4595-A358-A9C7C8014023}.Debug|Any CPU.Build.0 = Debug|Any CPU
		{821E73B1-B564-4595-A358-A9C7C8014023}.Release|Any CPU.ActiveCfg = Release|Any CPU
		{821E73B1-B564-4595-A358-A9C7C8014023}.Release|Any CPU.Build.0 = Release|Any CPU
		{48A10B31-9B3A-4287-BD2A-194507FCF74E}.Debug|Any CPU.ActiveCfg = Debug|Any CPU
		{48A10B31-9B3A-4287-BD2A-194507FCF74E}.Debug|Any CPU.Build.0 = Debug|Any CPU
		{48A10B31-9B3A-4287-BD2A-194507FCF74E}.Release|Any CPU.ActiveCfg = Release|Any CPU
		{48A10B31-9B3A-4287-BD2A-194507FCF74E}.Release|Any CPU.Build.0 = Release|Any CPU
		{9F398AC1-7C1F-46D9-8B21-1FE8C8A32BCC}.Debug|Any CPU.ActiveCfg = Debug|Any CPU
		{9F398AC1-7C1F-46D9-8B21-1FE8C8A32BCC}.Debug|Any CPU.Build.0 = Debug|Any CPU
		{9F398AC1-7C1F-46D9-8B21-1FE8C8A32BCC}.Release|Any CPU.ActiveCfg = Release|Any CPU
		{9F398AC1-7C1F-46D9-8B21-1FE8C8A32BCC}.Release|Any CPU.Build.0 = Release|Any CPU
	EndGlobalSection
	GlobalSection(SolutionProperties) = preSolution
		HideSolutionNode = FALSE
	EndGlobalSection
	GlobalSection(ExtensibilityGlobals) = postSolution
		SolutionGuid = {04EC04FC-DDFD-477F-8D6E-B9A0A187E5A3}
	EndGlobalSection
EndGlobal
